
Microsoft Visual Studio Solution File, Format Version 12.00
# Visual Studio Version 17
VisualStudioVersion = 17.14.36930.0
MinimumVisualStudioVersion = 10.0.40219.1
Project("{8BC9CEB8-8B4A-11D0-8D11-00A0C91BC942}") = "DStarGateway", "DStarGateway\DStarGateway.vcxproj", "{CAE03D97-EDA1-45EF-8319-FC351F626FCC}"
	ProjectSection(ProjectDependencies) = postProject
		{25C92826-4819-44A8-945F-800D03ADBB29} = {25C92826-4819-44A8-945F-800D03ADBB29}
		{93BBA392-976D-4BAB-A206-7A840C1EB68E} = {93BBA392-976D-4BAB-A206-7A840C1EB68E}
		{BE9EFD83-D4DE-4D42-A677-4C6AEF4AFB1F} = {BE9EFD83-D4DE-4D42-A677-4C6AEF4AFB1F}
		{DFAAD907-F9E9-4781-81C8-DD1AC91DD3D7} = {DFAAD907-F9E9-4781-81C8-DD1AC91DD3D7}
		{F6B8F122-9C30-4E79-AD94-502F55D843E9} = {F6B8F122-9C30-4E79-AD94-502F55D843E9}
	EndProjectSection
EndProject
Project("{8BC9CEB8-8B4A-11D0-8D11-00A0C91BC942}") = "APRS", "APRS\APRS.vcxproj", "{F6B8F122-9C30-4E79-AD94-502F55D843E9}"
EndProject
Project("{8BC9CEB8-8B4A-11D0-8D11-00A0C91BC942}") = "BaseCommon", "BaseCommon\BaseCommon.vcxproj", "{93BBA392-976D-4BAB-A206-7A840C1EB68E}"
EndProject
Project("{8BC9CEB8-8B4A-11D0-8D11-00A0C91BC942}") = "Common", "Common\Common.vcxproj", "{DFAAD907-F9E9-4781-81C8-DD1AC91DD3D7}"
EndProject
Project("{8BC9CEB8-8B4A-11D0-8D11-00A0C91BC942}") = "DStarBase", "DStarBase\DStarBase.vcxproj", "{BE9EFD83-D4DE-4D42-A677-4C6AEF4AFB1F}"
EndProject
Project("{8BC9CEB8-8B4A-11D0-8D11-00A0C91BC942}") = "IRCDDB", "IRCDDB\IRCDDB.vcxproj", "{25C92826-4819-44A8-945F-800D03ADBB29}"
EndProject
Global
	GlobalSection(SolutionConfigurationPlatforms) = preSolution
		Debug|x64 = Debug|x64
		Debug|x86 = Debug|x86
		Release|x64 = Release|x64
		Release|x86 = Release|x86
	EndGlobalSection
	GlobalSection(ProjectConfigurationPlatforms) = postSolution
		{CAE03D97-EDA1-45EF-8319-FC351F626FCC}.Debug|x64.ActiveCfg = Debug|x64
		{CAE03D97-EDA1-45EF-8319-FC351F626FCC}.Debug|x64.Build.0 = Debug|x64
		{CAE03D97-EDA1-45EF-8319-FC351F626FCC}.Debug|x86.ActiveCfg = Debug|Win32
		{CAE03D97-EDA1-45EF-8319-FC351F626FCC}.Debug|x86.Build.0 = Debug|Win32
		{CAE03D97-EDA1-45EF-8319-FC351F626FCC}.Release|x64.ActiveCfg = Release|x64
		{CAE03D97-EDA1-45EF-8319-FC351F626FCC}.Release|x64.Build.0 = Release|x64
		{CAE03D97-EDA1-45EF-8319-FC351F626FCC}.Release|x86.ActiveCfg = Release|Win32
		{CAE03D97-EDA1-45EF-8319-FC351F626FCC}.Release|x86.Build.0 = Release|Win32
		{F6B8F122-9C30-4E79-AD94-502F55D843E9}.Debug|x64.ActiveCfg = Debug|x64
		{F6B8F122-9C30-4E79-AD94-502F55D843E9}.Debug|x64.Build.0 = Debug|x64
		{F6B8F122-9C30-4E79-AD94-502F55D843E9}.Debug|x86.ActiveCfg = Debug|Win32
		{F6B8F122-9C30-4E79-AD94-502F55D843E9}.Debug|x86.Build.0 = Debug|Win32
		{F6B8F122-9C30-4E79-AD94-502F55D843E9}.Release|x64.ActiveCfg = Release|x64
		{F6B8F122-9C30-4E79-AD94-502F55D843E9}.Release|x64.Build.0 = Release|x64
		{F6B8F122-9C30-4E79-AD94-502F55D843E9}.Release|x86.ActiveCfg = Release|Win32
		{F6B8F122-9C30-4E79-AD94-502F55D843E9}.Release|x86.Build.0 = Release|Win32
		{93BBA392-976D-4BAB-A206-7A840C1EB68E}.Debug|x64.ActiveCfg = Debug|x64
		{93BBA392-976D-4BAB-A206-7A840C1EB68E}.Debug|x64.Build.0 = Debug|x64
		{93BBA392-976D-4BAB-A206-7A840C1EB68E}.Debug|x86.ActiveCfg = Debug|Win32
		{93BBA392-976D-4BAB-A206-7A840C1EB68E}.Debug|x86.Build.0 = Debug|Win32
		{93BBA392-976D-4BAB-A206-7A840C1EB68E}.Release|x64.ActiveCfg = Release|x64
		{93BBA392-976D-4BAB-A206-7A840C1EB68E}.Release|x64.Build.0 = Release|x64
		{93BBA392-976D-4BAB-A206-7A840C1EB68E}.Release|x86.ActiveCfg = Release|Win32
		{93BBA392-976D-4BAB-A206-7A840C1EB68E}.Release|x86.Build.0 = Release|Win32
		{DFAAD907-F9E9-4781-81C8-DD1AC91DD3D7}.Debug|x64.ActiveCfg = Debug|x64
		{DFAAD907-F9E9-4781-81C8-DD1AC91DD3D7}.Debug|x64.Build.0 = Debug|x64
		{DFAAD907-F9E9-4781-81C8-DD1AC91DD3D7}.Debug|x86.ActiveCfg = Debug|Win32
		{DFAAD907-F9E9-4781-81C8-DD1AC91DD3D7}.Debug|x86.Build.0 = Debug|Win32
		{DFAAD907-F9E9-4781-81C8-DD1AC91DD3D7}.Release|x64.ActiveCfg = Release|x64
		{DFAAD907-F9E9-4781-81C8-DD1AC91DD3D7}.Release|x64.Build.0 = Release|x64
		{DFAAD907-F9E9-4781-81C8-DD1AC91DD3D7}.Release|x86.ActiveCfg = Release|Win32
		{DFAAD907-F9E9-4781-81C8-DD1AC91DD3D7}.Release|x86.Build.0 = Release|Win32
		{BE9EFD83-D4DE-4D42-A677-4C6AEF4AFB1F}.Debug|x64.ActiveCfg = Debug|x64
		{BE9EFD83-D4DE-4D42-A677-4C6AEF4AFB1F}.Debug|x64.Build.0 = Debug|x64
		{BE9EFD83-D4DE-4D42-A677-4C6AEF4AFB1F}.Debug|x86.ActiveCfg = Debug|Win32
		{BE9EFD83-D4DE-4D42-A677-4C6AEF4AFB1F}.Debug|x86.Build.0 = Debug|Win32
		{BE9EFD83-D4DE-4D42-A677-4C6AEF4AFB1F}.Release|x64.ActiveCfg = Release|x64
		{BE9EFD83-D4DE-4D42-A677-4C6AEF4AFB1F}.Release|x64.Build.0 = Release|x64
		{BE9EFD83-D4DE-4D42-A677-4C6AEF4AFB1F}.Release|x86.ActiveCfg = Release|Win32
		{BE9EFD83-D4DE-4D42-A677-4C6AEF4AFB1F}.Release|x86.Build.0 = Release|Win32
		{25C92826-4819-44A8-945F-800D03ADBB29}.Debug|x64.ActiveCfg = Debug|x64
		{25C92826-4819-44A8-945F-800D03ADBB29}.Debug|x64.Build.0 = Debug|x64
		{25C92826-4819-44A8-945F-800D03ADBB29}.Debug|x86.ActiveCfg = Debug|Win32
		{25C92826-4819-44A8-945F-800D03ADBB29}.Debug|x86.Build.0 = Debug|Win32
		{25C92826-4819-44A8-945F-800D03ADBB29}.Release|x64.ActiveCfg = Release|x64
		{25C92826-4819-44A8-945F-800D03ADBB29}.Release|x64.Build.0 = Release|x64
		{25C92826-4819-44A8-945F-800D03ADBB29}.Release|x86.ActiveCfg = Release|Win32
		{25C92826-4819-44A8-945F-800D03ADBB29}.Release|x86.Build.0 = Release|Win32
	EndGlobalSection
	GlobalSection(SolutionProperties) = preSolution
		HideSolutionNode = FALSE
	EndGlobalSection
	GlobalSection(ExtensibilityGlobals) = postSolution
		SolutionGuid = {E051E2FB-6326-4D3C-8A78-5368DD5258CA}
	EndGlobalSection
EndGlobal
